// !$*UTF8*$!
{
	archiveVersion = 1;
	classes = {
	};
	objectVersion = 50;
	objects = {

/* Begin PBXBuildFile section */
		223F75A7213C618D007CD9B0 /* AppDelegate.swift in Sources */ = {isa = PBXBuildFile; fileRef = 223F75A6213C618D007CD9B0 /* AppDelegate.swift */; };
		223F75AC213C618D007CD9B0 /* Main.storyboard in Resources */ = {isa = PBXBuildFile; fileRef = 223F75AA213C618D007CD9B0 /* Main.storyboard */; };
		223F75AE213C6197007CD9B0 /* Assets.xcassets in Resources */ = {isa = PBXBuildFile; fileRef = 223F75AD213C6197007CD9B0 /* Assets.xcassets */; };
		223F75B1213C6197007CD9B0 /* LaunchScreen.storyboard in Resources */ = {isa = PBXBuildFile; fileRef = 223F75AF213C6197007CD9B0 /* LaunchScreen.storyboard */; };
		223F75B9213C6A78007CD9B0 /* JournalDetailViewController.swift in Sources */ = {isa = PBXBuildFile; fileRef = 223F75B8213C6A78007CD9B0 /* JournalDetailViewController.swift */; };
		223F75BB213C6AB9007CD9B0 /* JournalTableViewController.swift in Sources */ = {isa = PBXBuildFile; fileRef = 223F75BA213C6AB9007CD9B0 /* JournalTableViewController.swift */; };
		223F75BD213C6ADF007CD9B0 /* CreateJournalViewController.swift in Sources */ = {isa = PBXBuildFile; fileRef = 223F75BC213C6ADF007CD9B0 /* CreateJournalViewController.swift */; };
		223F75BF213C6B11007CD9B0 /* PhotoCollectionViewController.swift in Sources */ = {isa = PBXBuildFile; fileRef = 223F75BE213C6B11007CD9B0 /* PhotoCollectionViewController.swift */; };
/* End PBXBuildFile section */

/* Begin PBXFileReference section */
		223F75A3213C618D007CD9B0 /* Day One Clone.app */ = {isa = PBXFileReference; explicitFileType = wrapper.application; includeInIndex = 0; path = "Day One Clone.app"; sourceTree = BUILT_PRODUCTS_DIR; };
		223F75A6213C618D007CD9B0 /* AppDelegate.swift */ = {isa = PBXFileReference; lastKnownFileType = sourcecode.swift; path = AppDelegate.swift; sourceTree = "<group>"; };
		223F75AB213C618D007CD9B0 /* Base */ = {isa = PBXFileReference; lastKnownFileType = file.storyboard; name = Base; path = Base.lproj/Main.storyboard; sourceTree = "<group>"; };
		223F75AD213C6197007CD9B0 /* Assets.xcassets */ = {isa = PBXFileReference; lastKnownFileType = folder.assetcatalog; path = Assets.xcassets; sourceTree = "<group>"; };
		223F75B0213C6197007CD9B0 /* Base */ = {isa = PBXFileReference; lastKnownFileType = file.storyboard; name = Base; path = Base.lproj/LaunchScreen.storyboard; sourceTree = "<group>"; };
		223F75B2213C6197007CD9B0 /* Info.plist */ = {isa = PBXFileReference; lastKnownFileType = text.plist.xml; path = Info.plist; sourceTree = "<group>"; };
		223F75B8213C6A78007CD9B0 /* JournalDetailViewController.swift */ = {isa = PBXFileReference; lastKnownFileType = sourcecode.swift; path = JournalDetailViewController.swift; sourceTree = "<group>"; };
		223F75BA213C6AB9007CD9B0 /* JournalTableViewController.swift */ = {isa = PBXFileReference; lastKnownFileType = sourcecode.swift; path = JournalTableViewController.swift; sourceTree = "<group>"; };
		223F75BC213C6ADF007CD9B0 /* CreateJournalViewController.swift */ = {isa = PBXFileReference; lastKnownFileType = sourcecode.swift; path = CreateJournalViewController.swift; sourceTree = "<group>"; };
		223F75BE213C6B11007CD9B0 /* PhotoCollectionViewController.swift */ = {isa = PBXFileReference; lastKnownFileType = sourcecode.swift; path = PhotoCollectionViewController.swift; sourceTree = "<group>"; };
/* End PBXFileReference section */

/* Begin PBXFrameworksBuildPhase section */
		223F75A0213C618D007CD9B0 /* Frameworks */ = {
			isa = PBXFrameworksBuildPhase;
			buildActionMask = 2147483647;
			files = (
			);
			runOnlyForDeploymentPostprocessing = 0;
		};
/* End PBXFrameworksBuildPhase section */

/* Begin PBXGroup section */
		223F759A213C618D007CD9B0 = {
			isa = PBXGroup;
			children = (
				223F75A5213C618D007CD9B0 /* Day One Clone */,
				223F75A4213C618D007CD9B0 /* Products */,
			);
			sourceTree = "<group>";
		};
		223F75A4213C618D007CD9B0 /* Products */ = {
			isa = PBXGroup;
			children = (
				223F75A3213C618D007CD9B0 /* Day One Clone.app */,
			);
			name = Products;
			sourceTree = "<group>";
		};
		223F75A5213C618D007CD9B0 /* Day One Clone */ = {
			isa = PBXGroup;
			children = (
				223F75A6213C618D007CD9B0 /* AppDelegate.swift */,
				223F75B8213C6A78007CD9B0 /* JournalDetailViewController.swift */,
				223F75BE213C6B11007CD9B0 /* PhotoCollectionViewController.swift */,
				223F75BC213C6ADF007CD9B0 /* CreateJournalViewController.swift */,
				223F75BA213C6AB9007CD9B0 /* JournalTableViewController.swift */,
				223F75AA213C618D007CD9B0 /* Main.storyboard */,
				223F75AD213C6197007CD9B0 /* Assets.xcassets */,
				223F75AF213C6197007CD9B0 /* LaunchScreen.storyboard */,
				223F75B2213C6197007CD9B0 /* Info.plist */,
			);
			path = "Day One Clone";
			sourceTree = "<group>";
		};
/* End PBXGroup section */

/* Begin PBXNativeTarget section */
		223F75A2213C618D007CD9B0 /* Day One Clone */ = {
			isa = PBXNativeTarget;
			buildConfigurationList = 223F75B5213C6197007CD9B0 /* Build configuration list for PBXNativeTarget "Day One Clone" */;
			buildPhases = (
				223F759F213C618D007CD9B0 /* Sources */,
				223F75A0213C618D007CD9B0 /* Frameworks */,
				223F75A1213C618D007CD9B0 /* Resources */,
			);
			buildRules = (
			);
			dependencies = (
			);
			name = "Day One Clone";
			productName = "Day One Clone";
			productReference = 223F75A3213C618D007CD9B0 /* Day One Clone.app */;
			productType = "com.apple.product-type.application";
		};
/* End PBXNativeTarget section */

/* Begin PBXProject section */
		223F759B213C618D007CD9B0 /* Project object */ = {
			isa = PBXProject;
			attributes = {
				LastSwiftUpdateCheck = 0930;
				LastUpgradeCheck = 0930;
				ORGANIZATIONNAME = "Justin Hollis";
				TargetAttributes = {
					223F75A2213C618D007CD9B0 = {
						CreatedOnToolsVersion = 9.3.1;
					};
				};
			};
			buildConfigurationList = 223F759E213C618D007CD9B0 /* Build configuration list for PBXProject "Day One Clone" */;
			compatibilityVersion = "Xcode 9.3";
			developmentRegion = en;
			hasScannedForEncodings = 0;
			knownRegions = (
				en,
				Base,
			);
			mainGroup = 223F759A213C618D007CD9B0;
			productRefGroup = 223F75A4213C618D007CD9B0 /* Products */;
			projectDirPath = "";
			projectRoot = "";
			targets = (
				223F75A2213C618D007CD9B0 /* Day One Clone */,
			);
		};
/* End PBXProject section */

/* Begin PBXResourcesBuildPhase section */
		223F75A1213C618D007CD9B0 /* Resources */ = {
			isa = PBXResourcesBuildPhase;
			buildActionMask = 2147483647;
			files = (
				223F75B1213C6197007CD9B0 /* LaunchScreen.storyboard in Resources */,
				223F75AE213C6197007CD9B0 /* Assets.xcassets in Resources */,
				223F75AC213C618D007CD9B0 /* Main.storyboard in Resources */,
			);
			runOnlyForDeploymentPostprocessing = 0;
		};
/* End PBXResourcesBuildPhase section */

/* Begin PBXSourcesBuildPhase section */
		223F759F213C618D007CD9B0 /* Sources */ = {
			isa = PBXSourcesBuildPhase;
			buildActionMask = 2147483647;
			files = (
				223F75BF213C6B11007CD9B0 /* PhotoCollectionViewController.swift in Sources */,
				223F75A7213C618D007CD9B0 /* AppDelegate.swift in Sources */,
				223F75BB213C6AB9007CD9B0 /* JournalTableViewController.swift in Sources */,
				223F75BD213C6ADF007CD9B0 /* CreateJournalViewController.swift in Sources */,
				223F75B9213C6A78007CD9B0 /* JournalDetailViewController.swift in Sources */,
			);
			runOnlyForDeploymentPostprocessing = 0;
		};
/* End PBXSourcesBuildPhase section */

/* Begin PBXVariantGroup section */
		223F75AA213C618D007CD9B0 /* Main.storyboard */ = {
			isa = PBXVariantGroup;
			children = (
				223F75AB213C618D007CD9B0 /* Base */,
			);
			name = Main.storyboard;
			sourceTree = "<group>";
		};
		223F75AF213C6197007CD9B0 /* LaunchScreen.storyboard */ = {
			isa = PBXVariantGroup;
			children = (
				223F75B0213C6197007CD9B0 /* Base */,
			);
			name = LaunchScreen.storyboard;
			sourceTree = "<group>";
		};
/* End PBXVariantGroup section */

/* Begin XCBuildConfiguration section */
		223F75B3213C6197007CD9B0 /* Debug */ = {
			isa = XCBuildConfiguration;
			buildSettings = {
				ALWAYS_SEARCH_USER_PATHS = NO;
				CLANG_ANALYZER_NONNULL = YES;
				CLANG_ANALYZER_NUMBER_OBJECT_CONVERSION = YES_AGGRESSIVE;
				CLANG_CXX_LANGUAGE_STANDARD = "gnu++14";
				CLANG_CXX_LIBRARY = "libc++";
				CLANG_ENABLE_MODULES = YES;
				CLANG_ENABLE_OBJC_ARC = YES;
				CLANG_ENABLE_OBJC_WEAK = YES;
				CLANG_WARN_BLOCK_CAPTURE_AUTORELEASING = YES;
				CLANG_WARN_BOOL_CONVERSION = YES;
				CLANG_WARN_COMMA = YES;
				CLANG_WARN_CONSTANT_CONVERSION = YES;
				CLANG_WARN_DEPRECATED_OBJC_IMPLEMENTATIONS = YES;
				CLANG_WARN_DIRECT_OBJC_ISA_USAGE = YES_ERROR;
				CLANG_WARN_DOCUMENTATION_COMMENTS = YES;
				CLANG_WARN_EMPTY_BODY = YES;
				CLANG_WARN_ENUM_CONVERSION = YES;
				CLANG_WARN_INFINITE_RECURSION = YES;
				CLANG_WARN_INT_CONVERSION = YES;
				CLANG_WARN_NON_LITERAL_NULL_CONVERSION = YES;
				CLANG_WARN_OBJC_IMPLICIT_RETAIN_SELF = YES;
				CLANG_WARN_OBJC_LITERAL_CONVERSION = YES;
				CLANG_WARN_OBJC_ROOT_CLASS = YES_ERROR;
				CLANG_WARN_RANGE_LOOP_ANALYSIS = YES;
				CLANG_WARN_STRICT_PROTOTYPES = YES;
				CLANG_WARN_SUSPICIOUS_MOVE = YES;
				CLANG_WARN_UNGUARDED_AVAILABILITY = YES_AGGRESSIVE;
				CLANG_WARN_UNREACHABLE_CODE = YES;
				CLANG_WARN__DUPLICATE_METHOD_MATCH = YES;
				CODE_SIGN_IDENTITY = "iPhone Developer";
				COPY_PHASE_STRIP = NO;
				DEBUG_INFORMATION_FORMAT = dwarf;
				ENABLE_STRICT_OBJC_MSGSEND = YES;
				ENABLE_TESTABILITY = YES;
				GCC_C_LANGUAGE_STANDARD = gnu11;
				GCC_DYNAMIC_NO_PIC = NO;
				GCC_NO_COMMON_BLOCKS = YES;
				GCC_OPTIMIZATION_LEVEL = 0;
				GCC_PREPROCESSOR_DEFINITIONS = (
					"DEBUG=1",
					"$(inherited)",
				);
				GCC_WARN_64_TO_32_BIT_CONVERSION = YES;
				GCC_WARN_ABOUT_RETURN_TYPE = YES_ERROR;
				GCC_WARN_UNDECLARED_SELECTOR = YES;
				GCC_WARN_UNINITIALIZED_AUTOS = YES_AGGRESSIVE;
				GCC_WARN_UNUSED_FUNCTION = YES;
				GCC_WARN_UNUSED_VARIABLE = YES;
				IPHONEOS_DEPLOYMENT_TARGET = 11.3;
				MTL_ENABLE_DEBUG_INFO = YES;
				ONLY_ACTIVE_ARCH = YES;
				SDKROOT = iphoneos;
				SWIFT_ACTIVE_COMPILATION_CONDITIONS = DEBUG;
				SWIFT_OPTIMIZATION_LEVEL = "-Onone";
			};
			name = Debug;
		};
		223F75B4213C6197007CD9B0 /* Release */ = {
			isa = XCBuildConfiguration;
			buildSettings = {
				ALWAYS_SEARCH_USER_PATHS = NO;
				CLANG_ANALYZER_NONNULL = YES;
				CLANG_ANALYZER_NUMBER_OBJECT_CONVERSION = YES_AGGRESSIVE;
				CLANG_CXX_LANGUAGE_STANDARD = "gnu++14";
				CLANG_CXX_LIBRARY = "libc++";
				CLANG_ENABLE_MODULES = YES;
				CLANG_ENABLE_OBJC_ARC = YES;
				CLANG_ENABLE_OBJC_WEAK = YES;
				CLANG_WARN_BLOCK_CAPTURE_AUTORELEASING = YES;
				CLANG_WARN_BOOL_CONVERSION = YES;
				CLANG_WARN_COMMA = YES;
				CLANG_WARN_CONSTANT_CONVERSION = YES;
				CLANG_WARN_DEPRECATED_OBJC_IMPLEMENTATIONS = YES;
				CLANG_WARN_DIRECT_OBJC_ISA_USAGE = YES_ERROR;
				CLANG_WARN_DOCUMENTATION_COMMENTS = YES;
				CLANG_WARN_EMPTY_BODY = YES;
				CLANG_WARN_ENUM_CONVERSION = YES;
				CLANG_WARN_INFINITE_RECURSION = YES;
				CLANG_WARN_INT_CONVERSION = YES;
				CLANG_WARN_NON_LITERAL_NULL_CONVERSION = YES;
				CLANG_WARN_OBJC_IMPLICIT_RETAIN_SELF = YES;
				CLANG_WARN_OBJC_LITERAL_CONVERSION = YES;
				CLANG_WARN_OBJC_ROOT_CLASS = YES_ERROR;
				CLANG_WARN_RANGE_LOOP_ANALYSIS = YES;
				CLANG_WARN_STRICT_PROTOTYPES = YES;
				CLANG_WARN_SUSPICIOUS_MOVE = YES;
				CLANG_WARN_UNGUARDED_AVAILABILITY = YES_AGGRESSIVE;
				CLANG_WARN_UNREACHABLE_CODE = YES;
				CLANG_WARN__DUPLICATE_METHOD_MATCH = YES;
				CODE_SIGN_IDENTITY = "iPhone Developer";
				COPY_PHASE_STRIP = NO;
				DEBUG_INFORMATION_FORMAT = "dwarf-with-dsym";
				ENABLE_NS_ASSERTIONS = NO;
				ENABLE_STRICT_OBJC_MSGSEND = YES;
				GCC_C_LANGUAGE_STANDARD = gnu11;
				GCC_NO_COMMON_BLOCKS = YES;
				GCC_WARN_64_TO_32_BIT_CONVERSION = YES;
				GCC_WARN_ABOUT_RETURN_TYPE = YES_ERROR;
				GCC_WARN_UNDECLARED_SELECTOR = YES;
				GCC_WARN_UNINITIALIZED_AUTOS = YES_AGGRESSIVE;
				GCC_WARN_UNUSED_FUNCTION = YES;
				GCC_WARN_UNUSED_VARIABLE = YES;
				IPHONEOS_DEPLOYMENT_TARGET = 11.3;
				MTL_ENABLE_DEBUG_INFO = NO;
				SDKROOT = iphoneos;
				SWIFT_COMPILATION_MODE = wholemodule;
				SWIFT_OPTIMIZATION_LEVEL = "-O";
				VALIDATE_PRODUCT = YES;
			};
			name = Release;
		};
		223F75B6213C6197007CD9B0 /* Debug */ = {
			isa = XCBuildConfiguration;
			buildSettings = {
				ASSETCATALOG_COMPILER_APPICON_NAME = AppIcon;
				CODE_SIGN_STYLE = Automatic;
				DEVELOPMENT_TEAM = ZAVZ2D9H36;
				INFOPLIST_FILE = "Day One Clone/Info.plist";
				LD_RUNPATH_SEARCH_PATHS = (
					"$(inherited)",
					"@executable_path/Frameworks",
				);
				PRODUCT_BUNDLE_IDENTIFIER = "com.jhollis.Day-One-Clone";
				PRODUCT_NAME = "$(TARGET_NAME)";
				SWIFT_VERSION = 4.0;
				TARGETED_DEVICE_FAMILY = "1,2";
			};
			name = Debug;
		};
		223F75B7213C6197007CD9B0 /* Release */ = {
			isa = XCBuildConfiguration;
			buildSettings = {
				ASSETCATALOG_COMPILER_APPICON_NAME = AppIcon;
				CODE_SIGN_STYLE = Automatic;
				DEVELOPMENT_TEAM = ZAVZ2D9H36;
				INFOPLIST_FILE = "Day One Clone/Info.plist";
				LD_RUNPATH_SEARCH_PATHS = (
					"$(inherited)",
					"@executable_path/Frameworks",
				);
				PRODUCT_BUNDLE_IDENTIFIER = "com.jhollis.Day-One-Clone";
				PRODUCT_NAME = "$(TARGET_NAME)";
				SWIFT_VERSION = 4.0;
				TARGETED_DEVICE_FAMILY = "1,2";
			};
			name = Release;
		};
/* End XCBuildConfiguration section */

/* Begin XCConfigurationList section */
		223F759E213C618D007CD9B0 /* Build configuration list for PBXProject "Day One Clone" */ = {
			isa = XCConfigurationList;
			buildConfigurations = (
				223F75B3213C6197007CD9B0 /* Debug */,
				223F75B4213C6197007CD9B0 /* Release */,
			);
			defaultConfigurationIsVisible = 0;
			defaultConfigurationName = Release;
		};
		223F75B5213C6197007CD9B0 /* Build configuration list for PBXNativeTarget "Day One Clone" */ = {
			isa = XCConfigurationList;
			buildConfigurations = (
				223F75B6213C6197007CD9B0 /* Debug */,
				223F75B7213C6197007CD9B0 /* Release */,
			);
			defaultConfigurationIsVisible = 0;
			defaultConfigurationName = Release;
		};
/* End XCConfigurationList section */
	};
	rootObject = 223F759B213C618D007CD9B0 /* Project object */;
}
